// !$*UTF8*$!
{
	archiveVersion = 1;
	classes = {
	};
	objectVersion = 46;
	objects = {

/* Begin PBXGroup section */
		8E69C5EE1D06DFD900E341F3 = {
			isa = PBXGroup;
			children = (
			);
			sourceTree = "<group>";
		};
/* End PBXGroup section */

/* Begin PBXProject section */
		8E69C5EF1D06DFD900E341F3 /* Project object */ = {
			isa = PBXProject;
			attributes = {
				LastUpgradeCheck = 0730;
			};
			buildConfigurationList = 8E69C5F21D06DFD900E341F3 /* Build configuration list for PBXProject "SwiftJalaali" */;
			compatibilityVersion = "Xcode 3.2";
			developmentRegion = English;
			hasScannedForEncodings = 0;
			knownRegions = (
				en,
			);
			mainGroup = 8E69C5EE1D06DFD900E341F3;
			projectDirPath = "";
			projectRoot = "";
			targets = (
			);
		};
/* End PBXProject section */

/* Begin XCBuildConfiguration section */
		8E69C5F31D06DFD900E341F3 /* Debug */ = {
			isa = XCBuildConfiguration;
			buildSettings = {
			};
			name = Debug;
		};
		8E69C5F41D06DFD900E341F3 /* Release */ = {
			isa = XCBuildConfiguration;
			buildSettings = {
			};
			name = Release;
		};
/* End XCBuildConfiguration section */

/* Begin XCConfigurationList section */
		8E69C5F21D06DFD900E341F3 /* Build configuration list for PBXProject "SwiftJalaali" */ = {
			isa = XCConfigurationList;
			buildConfigurations = (
				8E69C5F31D06DFD900E341F3 /* Debug */,
				8E69C5F41D06DFD900E341F3 /* Release */,
			);
			defaultConfigurationIsVisible = 0;
			defaultConfigurationName = Release;
		};
/* End XCConfigurationList section */
	};
	rootObject = 8E69C5EF1D06DFD900E341F3 /* Project object */;
}
